
Microsoft Visual Studio Solution File, Format Version 12.00
# Visual Studio Version 17
VisualStudioVersion = 17.11.35312.102
MinimumVisualStudioVersion = 10.0.40219.1
Project("{FAE04EC0-301F-11D3-BF4B-00C04F79EFBC}") = "MVC_Vendedores", "EDD2_MVC_Vendedores\MVC_Vendedores.csproj", "{888D2463-23C2-4848-8D11-092052F2E06A}"
EndProject
Global
	GlobalSection(SolutionConfigurationPlatforms) = preSolution
		Debug|Any CPU = Debug|Any CPU
		Release|Any CPU = Release|Any CPU
	EndGlobalSection
	GlobalSection(ProjectConfigurationPlatforms) = postSolution
		{888D2463-23C2-4848-8D11-092052F2E06A}.Debug|Any CPU.ActiveCfg = Debug|Any CPU
		{888D2463-23C2-4848-8D11-092052F2E06A}.Debug|Any CPU.Build.0 = Debug|Any CPU
		{888D2463-23C2-4848-8D11-092052F2E06A}.Release|Any CPU.ActiveCfg = Release|Any CPU
		{888D2463-23C2-4848-8D11-092052F2E06A}.Release|Any CPU.Build.0 = Release|Any CPU
	EndGlobalSection
	GlobalSection(SolutionProperties) = preSolution
		HideSolutionNode = FALSE
	EndGlobalSection
	GlobalSection(ExtensibilityGlobals) = postSolution
		SolutionGuid = {FDA07E10-1877-4594-90EE-390E4BC35C65}
	EndGlobalSection
EndGlobal
